
Microsoft Visual Studio Solution File, Format Version 12.00
# Visual Studio 15
VisualStudioVersion = 15.0.28307.705
MinimumVisualStudioVersion = 10.0.40219.1
Project("{FAE04EC0-301F-11D3-BF4B-00C04F79EFBC}") = "sumaNumero_Impares", "sumaNumero_Impares\sumaNumero_Impares.csproj", "{5EA4C938-F0CC-4DB9-A700-3BE0DA1E3E12}"
EndProject
Global
	GlobalSection(SolutionConfigurationPlatforms) = preSolution
		Debug|Any CPU = Debug|Any CPU
		Release|Any CPU = Release|Any CPU
	EndGlobalSection
	GlobalSection(ProjectConfigurationPlatforms) = postSolution
		{5EA4C938-F0CC-4DB9-A700-3BE0DA1E3E12}.Debug|Any CPU.ActiveCfg = Debug|Any CPU
		{5EA4C938-F0CC-4DB9-A700-3BE0DA1E3E12}.Debug|Any CPU.Build.0 = Debug|Any CPU
		{5EA4C938-F0CC-4DB9-A700-3BE0DA1E3E12}.Release|Any CPU.ActiveCfg = Release|Any CPU
		{5EA4C938-F0CC-4DB9-A700-3BE0DA1E3E12}.Release|Any CPU.Build.0 = Release|Any CPU
	EndGlobalSection
	GlobalSection(SolutionProperties) = preSolution
		HideSolutionNode = FALSE
	EndGlobalSection
	GlobalSection(ExtensibilityGlobals) = postSolution
		SolutionGuid = {B08893A9-EE74-4BF9-906D-D1687C45B44F}
	EndGlobalSection
EndGlobal
